# THIS IS AN AUTOGENERATED FILE. DO NOT EDIT THIS FILE DIRECTLY.
# yarn lockfile v1


"@babel/helper-string-parser@^7.27.1":
  version "7.27.1"
  resolved "https://registry.npmjs.org/@babel/helper-string-parser/-/helper-string-parser-7.27.1.tgz"
  integrity sha512-qMlSxKbpRlAridDExk92nSobyDdpPijUq2DW6oDnUqd0iOGxmQjyqhMIihI9+zv4LPyZdRje2cavWPbCbWm3eA==

"@babel/helper-validator-identifier@^7.27.1":
  version "7.27.1"
  resolved "https://registry.npmjs.org/@babel/helper-validator-identifier/-/helper-validator-identifier-7.27.1.tgz"
  integrity sha512-D2hP9eA+Sqx1kBZgzxZh0y1trbuU+JoDkiEwqhQ36nodYqJwyEIhPSdMNd7lOm/4io72luTPWH20Yda0xOuUow==

"@babel/parser@^7.28.3":
  version "7.28.3"
  resolved "https://registry.npmjs.org/@babel/parser/-/parser-7.28.3.tgz"
  integrity sha512-7+Ey1mAgYqFAx2h0RuoxcQT5+MlG3GTV0TQrgr7/ZliKsm/MNDxVVutlWaziMq7wJNAz8MTqz55XLpWvva6StA==
  dependencies:
    "@babel/types" "^7.28.2"

"@babel/types@^7.28.2":
  version "7.28.2"
  resolved "https://registry.npmjs.org/@babel/types/-/types-7.28.2.tgz"
  integrity sha512-ruv7Ae4J5dUYULmeXw1gmb7rYRz57OWCPM57pHojnLq/3Z1CK2lNSLTCVjxVk1F/TZHwOZZrOWi0ur95BbLxNQ==
  dependencies:
    "@babel/helper-string-parser" "^7.27.1"
    "@babel/helper-validator-identifier" "^7.27.1"

"@docsearch/css@^4.0.0-beta.7":
  version "4.0.0-beta.8"
  resolved "https://registry.npmjs.org/@docsearch/css/-/css-4.0.0-beta.8.tgz"
  integrity sha512-/ZlyvZCjIJM4aaOYoJpVNHPJckX7J5KIbt6IWjnZXvo0QAUI1aH976vKEJUC9olgUbE3LWafB8yuX4qoqahIQg==

"@docsearch/js@^4.0.0-beta.7":
  version "4.0.0-beta.8"
  resolved "https://registry.npmjs.org/@docsearch/js/-/js-4.0.0-beta.8.tgz"
  integrity sha512-elgqPYpykRQr5MlfqoO8U2uC3BcPgjUQhzmHt/H4lSzP7khJ9Jpv/cCB4tiZreXb6GkdRgWr5csiItNq6jjnhg==

"@esbuild/linux-x64@0.25.9":
  version "0.25.9"
  resolved "https://registry.npmjs.org/@esbuild/linux-x64/-/linux-x64-0.25.9.tgz"
  integrity sha512-iSwByxzRe48YVkmpbgoxVzn76BXjlYFXC7NvLYq+b+kDjyyk30J0JY47DIn8z1MO3K0oSl9fZoRmZPQI4Hklzg==

"@iconify-json/simple-icons@^1.2.47":
  version "1.2.49"
  resolved "https://registry.npmjs.org/@iconify-json/simple-icons/-/simple-icons-1.2.49.tgz"
  integrity sha512-nRLwrHzz+cTAQYBNQrcr4eWOmQIcHObTj/QSi7nj0SFwVh5MvBsgx8OhoDC/R8iGklNmMpmoE/NKU0cPXMlOZw==
  dependencies:
    "@iconify/types" "*"

"@iconify/types@*":
  version "2.0.0"
  resolved "https://registry.npmjs.org/@iconify/types/-/types-2.0.0.tgz"
  integrity sha512-+wluvCrRhXrhyOmRDJ3q8mux9JkKy5SJ/v8ol2tu4FVjyYvtEzkc/3pK15ET6RKg4b4w4BmTk1+gsCUhf21Ykg==

"@jridgewell/sourcemap-codec@^1.5.5":
  version "1.5.5"
  resolved "https://registry.npmjs.org/@jridgewell/sourcemap-codec/-/sourcemap-codec-1.5.5.tgz"
  integrity sha512-cYQ9310grqxueWbl+WuIUIaiUaDcj7WOq5fVhEljNVgRfOUhY9fy2zTvfoqWsnebh8Sl70VScFbICvJnLKB0Og==

"@rolldown/pluginutils@1.0.0-beta.29":
  version "1.0.0-beta.29"
  resolved "https://registry.npmjs.org/@rolldown/pluginutils/-/pluginutils-1.0.0-beta.29.tgz"
  integrity sha512-NIJgOsMjbxAXvoGq/X0gD7VPMQ8j9g0BiDaNjVNVjvl+iKXxL3Jre0v31RmBYeLEmkbj2s02v8vFTbUXi5XS2Q==

"@rollup/rollup-linux-x64-gnu@4.49.0":
  version "4.49.0"
  resolved "https://registry.npmjs.org/@rollup/rollup-linux-x64-gnu/-/rollup-linux-x64-gnu-4.49.0.tgz"
  integrity sha512-BR7+blScdLW1h/2hB/2oXM+dhTmpW3rQt1DeSiCP9mc2NMMkqVgjIN3DDsNpKmezffGC9R8XKVOLmBkRUcK/sA==

"@shikijs/core@^3.9.2", "@shikijs/core@3.12.0":
  version "3.12.0"
  resolved "https://registry.npmjs.org/@shikijs/core/-/core-3.12.0.tgz"
  integrity sha512-rPfCBd6gHIKBPpf2hKKWn2ISPSrmRKAFi+bYDjvZHpzs3zlksWvEwaF3Z4jnvW+xHxSRef7qDooIJkY0RpA9EA==
  dependencies:
    "@shikijs/types" "3.12.0"
    "@shikijs/vscode-textmate" "^10.0.2"
    "@types/hast" "^3.0.4"
    hast-util-to-html "^9.0.5"

"@shikijs/engine-javascript@3.12.0":
  version "3.12.0"
  resolved "https://registry.npmjs.org/@shikijs/engine-javascript/-/engine-javascript-3.12.0.tgz"
  integrity sha512-Ni3nm4lnKxyKaDoXQQJYEayX052BL7D0ikU5laHp+ynxPpIF1WIwyhzrMU6WDN7AoAfggVR4Xqx3WN+JTS+BvA==
  dependencies:
    "@shikijs/types" "3.12.0"
    "@shikijs/vscode-textmate" "^10.0.2"
    oniguruma-to-es "^4.3.3"

"@shikijs/engine-oniguruma@3.12.0":
  version "3.12.0"
  resolved "https://registry.npmjs.org/@shikijs/engine-oniguruma/-/engine-oniguruma-3.12.0.tgz"
  integrity sha512-IfDl3oXPbJ/Jr2K8mLeQVpnF+FxjAc7ZPDkgr38uEw/Bg3u638neSrpwqOTnTHXt1aU0Fk1/J+/RBdst1kVqLg==
  dependencies:
    "@shikijs/types" "3.12.0"
    "@shikijs/vscode-textmate" "^10.0.2"

"@shikijs/langs@3.12.0":
  version "3.12.0"
  resolved "https://registry.npmjs.org/@shikijs/langs/-/langs-3.12.0.tgz"
  integrity sha512-HIca0daEySJ8zuy9bdrtcBPhcYBo8wR1dyHk1vKrOuwDsITtZuQeGhEkcEfWc6IDyTcom7LRFCH6P7ljGSCEiQ==
  dependencies:
    "@shikijs/types" "3.12.0"

"@shikijs/themes@3.12.0":
  version "3.12.0"
  resolved "https://registry.npmjs.org/@shikijs/themes/-/themes-3.12.0.tgz"
  integrity sha512-/lxvQxSI5s4qZLV/AuFaA4Wt61t/0Oka/P9Lmpr1UV+HydNCczO3DMHOC/CsXCCpbv4Zq8sMD0cDa7mvaVoj0Q==
  dependencies:
    "@shikijs/types" "3.12.0"

"@shikijs/transformers@^3.9.2":
  version "3.12.0"
  resolved "https://registry.npmjs.org/@shikijs/transformers/-/transformers-3.12.0.tgz"
  integrity sha512-HcJwlvMAyZzOY+ayEAGE891BdJ7Vtio+qdWUTF9ki4d0LIkDb6DBz8ynOWGAEglHv6eQs/WcAWf/h6ina6IgCw==
  dependencies:
    "@shikijs/core" "3.12.0"
    "@shikijs/types" "3.12.0"

"@shikijs/types@^3.9.2", "@shikijs/types@3.12.0":
  version "3.12.0"
  resolved "https://registry.npmjs.org/@shikijs/types/-/types-3.12.0.tgz"
  integrity sha512-jsFzm8hCeTINC3OCmTZdhR9DOl/foJWplH2Px0bTi4m8z59fnsueLsweX82oGcjRQ7mfQAluQYKGoH2VzsWY4A==
  dependencies:
    "@shikijs/vscode-textmate" "^10.0.2"
    "@types/hast" "^3.0.4"

"@shikijs/vscode-textmate@^10.0.2":
  version "10.0.2"
  resolved "https://registry.npmjs.org/@shikijs/vscode-textmate/-/vscode-textmate-10.0.2.tgz"
  integrity sha512-83yeghZ2xxin3Nj8z1NMd/NCuca+gsYXswywDy5bHvwlWL8tpTQmzGeUuHd9FC3E/SBEMvzJRwWEOz5gGes9Qg==

"@types/estree@1.0.8":
  version "1.0.8"
  resolved "https://registry.npmjs.org/@types/estree/-/estree-1.0.8.tgz"
  integrity sha512-dWHzHa2WqEXI/O1E9OjrocMTKJl2mSrEolh1Iomrv6U+JuNwaHXsXx9bLu5gG7BUWFIN0skIQJQ/L1rIex4X6w==

"@types/hast@^3.0.0", "@types/hast@^3.0.4":
  version "3.0.4"
  resolved "https://registry.npmjs.org/@types/hast/-/hast-3.0.4.tgz"
  integrity sha512-WPs+bbQw5aCj+x6laNGWLH3wviHtoCv/P3+otBhbOhJgG8qtpdAMlTCxLtsTWA7LH1Oh/bFCHsBn0TPS5m30EQ==
  dependencies:
    "@types/unist" "*"

"@types/linkify-it@^5":
  version "5.0.0"
  resolved "https://registry.npmjs.org/@types/linkify-it/-/linkify-it-5.0.0.tgz"
  integrity sha512-sVDA58zAw4eWAffKOaQH5/5j3XeayukzDk+ewSsnv3p4yJEZHCCzMDiZM8e0OUrRvmpGZ85jf4yDHkHsgBNr9Q==

"@types/markdown-it@^14.1.2":
  version "14.1.2"
  resolved "https://registry.npmjs.org/@types/markdown-it/-/markdown-it-14.1.2.tgz"
  integrity sha512-promo4eFwuiW+TfGxhi+0x3czqTYJkG8qB17ZUJiVF10Xm7NLVRSLUsfRTU/6h1e24VvRnXCx+hG7li58lkzog==
  dependencies:
    "@types/linkify-it" "^5"
    "@types/mdurl" "^2"

"@types/mdast@^4.0.0":
  version "4.0.4"
  resolved "https://registry.npmjs.org/@types/mdast/-/mdast-4.0.4.tgz"
  integrity sha512-kGaNbPh1k7AFzgpud/gMdvIm5xuECykRR+JnWKQno9TAXVa6WIVCGTPvYGekIDL4uwCZQSYbUxNBSb1aUo79oA==
  dependencies:
    "@types/unist" "*"

"@types/mdurl@^2":
  version "2.0.0"
  resolved "https://registry.npmjs.org/@types/mdurl/-/mdurl-2.0.0.tgz"
  integrity sha512-RGdgjQUZba5p6QEFAVx2OGb8rQDL/cPRG7GiedRzMcJ1tYnUANBncjbSB1NRGwbvjcPeikRABz2nshyPk1bhWg==

"@types/unist@*", "@types/unist@^3.0.0":
  version "3.0.3"
  resolved "https://registry.npmjs.org/@types/unist/-/unist-3.0.3.tgz"
  integrity sha512-ko/gIFJRv177XgZsZcBwnqJN5x/Gien8qNOn0D5bQU/zAzVf9Zt3BlcUiLqhV9y4ARk0GbT3tnUiPNgnTXzc/Q==

"@types/web-bluetooth@^0.0.21":
  version "0.0.21"
  resolved "https://registry.npmjs.org/@types/web-bluetooth/-/web-bluetooth-0.0.21.tgz"
  integrity sha512-oIQLCGWtcFZy2JW77j9k8nHzAOpqMHLQejDA48XXMWH6tjCQHz5RCFz1bzsmROyL6PUm+LLnUiI4BCn221inxA==

"@ungap/structured-clone@^1.0.0":
  version "1.3.0"
  resolved "https://registry.npmjs.org/@ungap/structured-clone/-/structured-clone-1.3.0.tgz"
  integrity sha512-WmoN8qaIAo7WTYWbAZuG8PYEhn5fkz7dZrqTBZ7dtt//lL2Gwms1IcnQ5yHqjDfX8Ft5j4YzDM23f87zBfDe9g==

"@vitejs/plugin-vue@^6.0.1":
  version "6.0.1"
  resolved "https://registry.npmjs.org/@vitejs/plugin-vue/-/plugin-vue-6.0.1.tgz"
  integrity sha512-+MaE752hU0wfPFJEUAIxqw18+20euHHdxVtMvbFcOEpjEyfqXH/5DCoTHiVJ0J29EhTJdoTkjEv5YBKU9dnoTw==
  dependencies:
    "@rolldown/pluginutils" "1.0.0-beta.29"

"@vue/compiler-core@3.5.20":
  version "3.5.20"
  resolved "https://registry.npmjs.org/@vue/compiler-core/-/compiler-core-3.5.20.tgz"
  integrity sha512-8TWXUyiqFd3GmP4JTX9hbiTFRwYHgVL/vr3cqhr4YQ258+9FADwvj7golk2sWNGHR67QgmCZ8gz80nQcMokhwg==
  dependencies:
    "@babel/parser" "^7.28.3"
    "@vue/shared" "3.5.20"
    entities "^4.5.0"
    estree-walker "^2.0.2"
    source-map-js "^1.2.1"

"@vue/compiler-dom@3.5.20":
  version "3.5.20"
  resolved "https://registry.npmjs.org/@vue/compiler-dom/-/compiler-dom-3.5.20.tgz"
  integrity sha512-whB44M59XKjqUEYOMPYU0ijUV0G+4fdrHVKDe32abNdX/kJe1NUEMqsi4cwzXa9kyM9w5S8WqFsrfo1ogtBZGQ==
  dependencies:
    "@vue/compiler-core" "3.5.20"
    "@vue/shared" "3.5.20"

"@vue/compiler-sfc@3.5.20":
  version "3.5.20"
  resolved "https://registry.npmjs.org/@vue/compiler-sfc/-/compiler-sfc-3.5.20.tgz"
  integrity sha512-SFcxapQc0/feWiSBfkGsa1v4DOrnMAQSYuvDMpEaxbpH5dKbnEM5KobSNSgU+1MbHCl+9ftm7oQWxvwDB6iBfw==
  dependencies:
    "@babel/parser" "^7.28.3"
    "@vue/compiler-core" "3.5.20"
    "@vue/compiler-dom" "3.5.20"
    "@vue/compiler-ssr" "3.5.20"
    "@vue/shared" "3.5.20"
    estree-walker "^2.0.2"
    magic-string "^0.30.17"
    postcss "^8.5.6"
    source-map-js "^1.2.1"

"@vue/compiler-ssr@3.5.20":
  version "3.5.20"
  resolved "https://registry.npmjs.org/@vue/compiler-ssr/-/compiler-ssr-3.5.20.tgz"
  integrity sha512-RSl5XAMc5YFUXpDQi+UQDdVjH9FnEpLDHIALg5J0ITHxkEzJ8uQLlo7CIbjPYqmZtt6w0TsIPbo1izYXwDG7JA==
  dependencies:
    "@vue/compiler-dom" "3.5.20"
    "@vue/shared" "3.5.20"

"@vue/devtools-api@^8.0.0":
  version "8.0.1"
  resolved "https://registry.npmjs.org/@vue/devtools-api/-/devtools-api-8.0.1.tgz"
  integrity sha512-YBvjfpM7LEp5+b7ZDm4+mFrC+TgGjUmN8ff9lZcbHQ1MKhmftT/urCTZP0y1j26YQWr25l9TPaEbNLbILRiGoQ==
  dependencies:
    "@vue/devtools-kit" "^8.0.1"

"@vue/devtools-kit@^8.0.1":
  version "8.0.1"
  resolved "https://registry.npmjs.org/@vue/devtools-kit/-/devtools-kit-8.0.1.tgz"
  integrity sha512-7kiPhgTKNtNeXltEHnJJjIDlndlJP4P+UJvCw54uVHNDlI6JzwrSiRmW4cxKTug2wDbc/dkGaMnlZghcwV+aWA==
  dependencies:
    "@vue/devtools-shared" "^8.0.1"
    birpc "^2.5.0"
    hookable "^5.5.3"
    mitt "^3.0.1"
    perfect-debounce "^1.0.0"
    speakingurl "^14.0.1"
    superjson "^2.2.2"

"@vue/devtools-shared@^8.0.1":
  version "8.0.1"
  resolved "https://registry.npmjs.org/@vue/devtools-shared/-/devtools-shared-8.0.1.tgz"
  integrity sha512-PqtWqPPRpMwZ9FjTzyugb5KeV9kmg2C3hjxZHwjl0lijT4QIJDd0z6AWcnbM9w2nayjDymyTt0+sbdTv3pVeNg==
  dependencies:
    rfdc "^1.4.1"

"@vue/reactivity@3.5.20":
  version "3.5.20"
  resolved "https://registry.npmjs.org/@vue/reactivity/-/reactivity-3.5.20.tgz"
  integrity sha512-hS8l8x4cl1fmZpSQX/NXlqWKARqEsNmfkwOIYqtR2F616NGfsLUm0G6FQBK6uDKUCVyi1YOL8Xmt/RkZcd/jYQ==
  dependencies:
    "@vue/shared" "3.5.20"

"@vue/runtime-core@3.5.20":
  version "3.5.20"
  resolved "https://registry.npmjs.org/@vue/runtime-core/-/runtime-core-3.5.20.tgz"
  integrity sha512-vyQRiH5uSZlOa+4I/t4Qw/SsD/gbth0SW2J7oMeVlMFMAmsG1rwDD6ok0VMmjXY3eI0iHNSSOBilEDW98PLRKw==
  dependencies:
    "@vue/reactivity" "3.5.20"
    "@vue/shared" "3.5.20"

"@vue/runtime-dom@3.5.20":
  version "3.5.20"
  resolved "https://registry.npmjs.org/@vue/runtime-dom/-/runtime-dom-3.5.20.tgz"
  integrity sha512-KBHzPld/Djw3im0CQ7tGCpgRedryIn4CcAl047EhFTCCPT2xFf4e8j6WeKLgEEoqPSl9TYqShc3Q6tpWpz/Xgw==
  dependencies:
    "@vue/reactivity" "3.5.20"
    "@vue/runtime-core" "3.5.20"
    "@vue/shared" "3.5.20"
    csstype "^3.1.3"

"@vue/server-renderer@3.5.20":
  version "3.5.20"
  resolved "https://registry.npmjs.org/@vue/server-renderer/-/server-renderer-3.5.20.tgz"
  integrity sha512-HthAS0lZJDH21HFJBVNTtx+ULcIbJQRpjSVomVjfyPkFSpCwvsPTA+jIzOaUm3Hrqx36ozBHePztQFg6pj5aKg==
  dependencies:
    "@vue/compiler-ssr" "3.5.20"
    "@vue/shared" "3.5.20"

"@vue/shared@^3.5.18", "@vue/shared@3.5.20":
  version "3.5.20"
  resolved "https://registry.npmjs.org/@vue/shared/-/shared-3.5.20.tgz"
  integrity sha512-SoRGP596KU/ig6TfgkCMbXkr4YJ91n/QSdMuqeP5r3hVIYA3CPHUBCc7Skak0EAKV+5lL4KyIh61VA/pK1CIAA==

"@vueuse/core@^13.6.0", "@vueuse/core@13.8.0":
  version "13.8.0"
  resolved "https://registry.npmjs.org/@vueuse/core/-/core-13.8.0.tgz"
  integrity sha512-rmBcgpEpxY0ZmyQQR94q1qkUcHREiLxQwNyWrtjMDipD0WTH/JBcAt0gdcn2PsH0SA76ec291cHFngmyaBhlxA==
  dependencies:
    "@types/web-bluetooth" "^0.0.21"
    "@vueuse/metadata" "13.8.0"
    "@vueuse/shared" "13.8.0"

"@vueuse/integrations@^13.6.0":
  version "13.8.0"
  resolved "https://registry.npmjs.org/@vueuse/integrations/-/integrations-13.8.0.tgz"
  integrity sha512-64mD5Q7heVkr8JsqBFDh9xnQJrPLmWJghy8Qtj9UeLosQL9n+JYTcS7d+eNsEVwuvZvxfF7hUSi87jABm/eYpw==
  dependencies:
    "@vueuse/core" "13.8.0"
    "@vueuse/shared" "13.8.0"

"@vueuse/metadata@13.8.0":
  version "13.8.0"
  resolved "https://registry.npmjs.org/@vueuse/metadata/-/metadata-13.8.0.tgz"
  integrity sha512-BYMp3Gp1kBUPv7AfQnJYP96mkX7g7cKdTIgwv/Jgd+pfQhz678naoZOAcknRtPLP4cFblDDW7rF4e3KFa+PfIA==

"@vueuse/shared@13.8.0":
  version "13.8.0"
  resolved "https://registry.npmjs.org/@vueuse/shared/-/shared-13.8.0.tgz"
  integrity sha512-x4nfM0ykW+RmNJ4/1IzZsuLuWWrNTxlTWUiehTGI54wnOxIgI9EDdu/O5S77ac6hvQ3hk2KpOVFHaM0M796Kbw==

birpc@^2.5.0:
  version "2.5.0"
  resolved "https://registry.npmjs.org/birpc/-/birpc-2.5.0.tgz"
  integrity sha512-VSWO/W6nNQdyP520F1mhf+Lc2f8pjGQOtoHHm7Ze8Go1kX7akpVIrtTa0fn+HB0QJEDVacl6aO08YE0PgXfdnQ==

ccount@^2.0.0:
  version "2.0.1"
  resolved "https://registry.npmjs.org/ccount/-/ccount-2.0.1.tgz"
  integrity sha512-eyrF0jiFpY+3drT6383f1qhkbGsLSifNAjA61IUjZjmLCWjItY6LB9ft9YhoDgwfmclB2zhu51Lc7+95b8NRAg==

character-entities-html4@^2.0.0:
  version "2.1.0"
  resolved "https://registry.npmjs.org/character-entities-html4/-/character-entities-html4-2.1.0.tgz"
  integrity sha512-1v7fgQRj6hnSwFpq1Eu0ynr/CDEw0rXo2B61qXrLNdHZmPKgb7fqS1a2JwF0rISo9q77jDI8VMEHoApn8qDoZA==

character-entities-legacy@^3.0.0:
  version "3.0.0"
  resolved "https://registry.npmjs.org/character-entities-legacy/-/character-entities-legacy-3.0.0.tgz"
  integrity sha512-RpPp0asT/6ufRm//AJVwpViZbGM/MkjQFxJccQRHmISF/22NBtsHqAWmL+/pmkPWoIUJdWyeVleTl1wydHATVQ==

comma-separated-tokens@^2.0.0:
  version "2.0.3"
  resolved "https://registry.npmjs.org/comma-separated-tokens/-/comma-separated-tokens-2.0.3.tgz"
  integrity sha512-Fu4hJdvzeylCfQPp9SGWidpzrMs7tTrlu6Vb8XGaRGck8QSNZJJp538Wrb60Lax4fPwR64ViY468OIUTbRlGZg==

copy-anything@^3.0.2:
  version "3.0.5"
  resolved "https://registry.npmjs.org/copy-anything/-/copy-anything-3.0.5.tgz"
  integrity sha512-yCEafptTtb4bk7GLEQoM8KVJpxAfdBJYaXyzQEgQQQgYrZiDp8SJmGKlYza6CYjEDNstAdNdKA3UuoULlEbS6w==
  dependencies:
    is-what "^4.1.8"

csstype@^3.1.3:
  version "3.1.3"
  resolved "https://registry.npmjs.org/csstype/-/csstype-3.1.3.tgz"
  integrity sha512-M1uQkMl8rQK/szD0LNhtqxIPLpimGm8sOBwU7lLnCpSbTyY3yeU1Vc7l4KT5zT4s/yOxHH5O7tIuuLOCnLADRw==

dequal@^2.0.0:
  version "2.0.3"
  resolved "https://registry.npmjs.org/dequal/-/dequal-2.0.3.tgz"
  integrity sha512-0je+qPKHEMohvfRTCEo3CrPG6cAzAYgmzKyxRiYSSDkS6eGJdyVJm7WaYA5ECaAD9wLB2T4EEeymA5aFVcYXCA==

devlop@^1.0.0:
  version "1.1.0"
  resolved "https://registry.npmjs.org/devlop/-/devlop-1.1.0.tgz"
  integrity sha512-RWmIqhcFf1lRYBvNmr7qTNuyCt/7/ns2jbpp1+PalgE/rDQcBT0fioSMUpJ93irlUhC5hrg4cYqe6U+0ImW0rA==
  dependencies:
    dequal "^2.0.0"

entities@^4.5.0:
  version "4.5.0"
  resolved "https://registry.npmjs.org/entities/-/entities-4.5.0.tgz"
  integrity sha512-V0hjH4dGPh9Ao5p0MoRY6BVqtwCjhz6vI5LT8AJ55H+4g9/4vbHx1I54fS0XuclLhDHArPQCiMjDxjaL8fPxhw==

esbuild@^0.25.0:
  version "0.25.9"
  resolved "https://registry.npmjs.org/esbuild/-/esbuild-0.25.9.tgz"
  integrity sha512-CRbODhYyQx3qp7ZEwzxOk4JBqmD/seJrzPa/cGjY1VtIn5E09Oi9/dB4JwctnfZ8Q8iT7rioVv5k/FNT/uf54g==
  optionalDependencies:
    "@esbuild/aix-ppc64" "0.25.9"
    "@esbuild/android-arm" "0.25.9"
    "@esbuild/android-arm64" "0.25.9"
    "@esbuild/android-x64" "0.25.9"
    "@esbuild/darwin-arm64" "0.25.9"
    "@esbuild/darwin-x64" "0.25.9"
    "@esbuild/freebsd-arm64" "0.25.9"
    "@esbuild/freebsd-x64" "0.25.9"
    "@esbuild/linux-arm" "0.25.9"
    "@esbuild/linux-arm64" "0.25.9"
    "@esbuild/linux-ia32" "0.25.9"
    "@esbuild/linux-loong64" "0.25.9"
    "@esbuild/linux-mips64el" "0.25.9"
    "@esbuild/linux-ppc64" "0.25.9"
    "@esbuild/linux-riscv64" "0.25.9"
    "@esbuild/linux-s390x" "0.25.9"
    "@esbuild/linux-x64" "0.25.9"
    "@esbuild/netbsd-arm64" "0.25.9"
    "@esbuild/netbsd-x64" "0.25.9"
    "@esbuild/openbsd-arm64" "0.25.9"
    "@esbuild/openbsd-x64" "0.25.9"
    "@esbuild/openharmony-arm64" "0.25.9"
    "@esbuild/sunos-x64" "0.25.9"
    "@esbuild/win32-arm64" "0.25.9"
    "@esbuild/win32-ia32" "0.25.9"
    "@esbuild/win32-x64" "0.25.9"

estree-walker@^2.0.2:
  version "2.0.2"
  resolved "https://registry.npmjs.org/estree-walker/-/estree-walker-2.0.2.tgz"
  integrity sha512-Rfkk/Mp/DL7JVje3u18FxFujQlTNR2q6QfMSMB7AvCBx91NGj/ba3kCfza0f6dVDbw7YlRf/nDrn7pQrCCyQ/w==

fdir@^6.4.4, fdir@^6.5.0:
  version "6.5.0"
  resolved "https://registry.npmjs.org/fdir/-/fdir-6.5.0.tgz"
  integrity sha512-tIbYtZbucOs0BRGqPJkshJUYdL+SDH7dVM8gjy+ERp3WAUjLEFJE+02kanyHtwjWOnwrKYBiwAmM0p4kLJAnXg==

focus-trap@^7, focus-trap@^7.6.5:
  version "7.6.5"
  resolved "https://registry.npmjs.org/focus-trap/-/focus-trap-7.6.5.tgz"
  integrity sha512-7Ke1jyybbbPZyZXFxEftUtxFGLMpE2n6A+z//m4CRDlj0hW+o3iYSmh8nFlYMurOiJVDmJRilUQtJr08KfIxlg==
  dependencies:
    tabbable "^6.2.0"

hast-util-to-html@^9.0.5:
  version "9.0.5"
  resolved "https://registry.npmjs.org/hast-util-to-html/-/hast-util-to-html-9.0.5.tgz"
  integrity sha512-OguPdidb+fbHQSU4Q4ZiLKnzWo8Wwsf5bZfbvu7//a9oTYoqD/fWpe96NuHkoS9h0ccGOTe0C4NGXdtS0iObOw==
  dependencies:
    "@types/hast" "^3.0.0"
    "@types/unist" "^3.0.0"
    ccount "^2.0.0"
    comma-separated-tokens "^2.0.0"
    hast-util-whitespace "^3.0.0"
    html-void-elements "^3.0.0"
    mdast-util-to-hast "^13.0.0"
    property-information "^7.0.0"
    space-separated-tokens "^2.0.0"
    stringify-entities "^4.0.0"
    zwitch "^2.0.4"

hast-util-whitespace@^3.0.0:
  version "3.0.0"
  resolved "https://registry.npmjs.org/hast-util-whitespace/-/hast-util-whitespace-3.0.0.tgz"
  integrity sha512-88JUN06ipLwsnv+dVn+OIYOvAuvBMy/Qoi6O7mQHxdPXpjy+Cd6xRkWwux7DKO+4sYILtLBRIKgsdpS2gQc7qw==
  dependencies:
    "@types/hast" "^3.0.0"

hookable@^5.5.3:
  version "5.5.3"
  resolved "https://registry.npmjs.org/hookable/-/hookable-5.5.3.tgz"
  integrity sha512-Yc+BQe8SvoXH1643Qez1zqLRmbA5rCL+sSmk6TVos0LWVfNIB7PGncdlId77WzLGSIB5KaWgTaNTs2lNVEI6VQ==

html-void-elements@^3.0.0:
  version "3.0.0"
  resolved "https://registry.npmjs.org/html-void-elements/-/html-void-elements-3.0.0.tgz"
  integrity sha512-bEqo66MRXsUGxWHV5IP0PUiAWwoEjba4VCzg0LjFJBpchPaTfyfCKTG6bc5F8ucKec3q5y6qOdGyYTSBEvhCrg==

is-what@^4.1.8:
  version "4.1.16"
  resolved "https://registry.npmjs.org/is-what/-/is-what-4.1.16.tgz"
  integrity sha512-ZhMwEosbFJkA0YhFnNDgTM4ZxDRsS6HqTo7qsZM08fehyRYIYa0yHu5R6mgo1n/8MgaPBXiPimPD77baVFYg+A==

magic-string@^0.30.17:
  version "0.30.18"
  resolved "https://registry.npmjs.org/magic-string/-/magic-string-0.30.18.tgz"
  integrity sha512-yi8swmWbO17qHhwIBNeeZxTceJMeBvWJaId6dyvTSOwTipqeHhMhOrz6513r1sOKnpvQ7zkhlG8tPrpilwTxHQ==
  dependencies:
    "@jridgewell/sourcemap-codec" "^1.5.5"

mark.js@8.11.1:
  version "8.11.1"
  resolved "https://registry.npmjs.org/mark.js/-/mark.js-8.11.1.tgz"
  integrity sha512-1I+1qpDt4idfgLQG+BNWmrqku+7/2bi5nLf4YwF8y8zXvmfiTBY3PV3ZibfrjBueCByROpuBjLLFCajqkgYoLQ==

mdast-util-to-hast@^13.0.0:
  version "13.2.0"
  resolved "https://registry.npmjs.org/mdast-util-to-hast/-/mdast-util-to-hast-13.2.0.tgz"
  integrity sha512-QGYKEuUsYT9ykKBCMOEDLsU5JRObWQusAolFMeko/tYPufNkRffBAQjIE+99jbA87xv6FgmjLtwjh9wBWajwAA==
  dependencies:
    "@types/hast" "^3.0.0"
    "@types/mdast" "^4.0.0"
    "@ungap/structured-clone" "^1.0.0"
    devlop "^1.0.0"
    micromark-util-sanitize-uri "^2.0.0"
    trim-lines "^3.0.0"
    unist-util-position "^5.0.0"
    unist-util-visit "^5.0.0"
    vfile "^6.0.0"

micromark-util-character@^2.0.0:
  version "2.1.1"
  resolved "https://registry.npmjs.org/micromark-util-character/-/micromark-util-character-2.1.1.tgz"
  integrity sha512-wv8tdUTJ3thSFFFJKtpYKOYiGP2+v96Hvk4Tu8KpCAsTMs6yi+nVmGh1syvSCsaxz45J6Jbw+9DD6g97+NV67Q==
  dependencies:
    micromark-util-symbol "^2.0.0"
    micromark-util-types "^2.0.0"

micromark-util-encode@^2.0.0:
  version "2.0.1"
  resolved "https://registry.npmjs.org/micromark-util-encode/-/micromark-util-encode-2.0.1.tgz"
  integrity sha512-c3cVx2y4KqUnwopcO9b/SCdo2O67LwJJ/UyqGfbigahfegL9myoEFoDYZgkT7f36T0bLrM9hZTAaAyH+PCAXjw==

micromark-util-sanitize-uri@^2.0.0:
  version "2.0.1"
  resolved "https://registry.npmjs.org/micromark-util-sanitize-uri/-/micromark-util-sanitize-uri-2.0.1.tgz"
  integrity sha512-9N9IomZ/YuGGZZmQec1MbgxtlgougxTodVwDzzEouPKo3qFWvymFHWcnDi2vzV1ff6kas9ucW+o3yzJK9YB1AQ==
  dependencies:
    micromark-util-character "^2.0.0"
    micromark-util-encode "^2.0.0"
    micromark-util-symbol "^2.0.0"

micromark-util-symbol@^2.0.0:
  version "2.0.1"
  resolved "https://registry.npmjs.org/micromark-util-symbol/-/micromark-util-symbol-2.0.1.tgz"
  integrity sha512-vs5t8Apaud9N28kgCrRUdEed4UJ+wWNvicHLPxCa9ENlYuAY31M0ETy5y1vA33YoNPDFTghEbnh6efaE8h4x0Q==

micromark-util-types@^2.0.0:
  version "2.0.2"
  resolved "https://registry.npmjs.org/micromark-util-types/-/micromark-util-types-2.0.2.tgz"
  integrity sha512-Yw0ECSpJoViF1qTU4DC6NwtC4aWGt1EkzaQB8KPPyCRR8z9TWeV0HbEFGTO+ZY1wB22zmxnJqhPyTpOVCpeHTA==

minisearch@^7.1.2:
  version "7.1.2"
  resolved "https://registry.npmjs.org/minisearch/-/minisearch-7.1.2.tgz"
  integrity sha512-R1Pd9eF+MD5JYDDSPAp/q1ougKglm14uEkPMvQ/05RGmx6G9wvmLTrTI/Q5iPNJLYqNdsDQ7qTGIcNWR+FrHmA==

mitt@^3.0.1:
  version "3.0.1"
  resolved "https://registry.npmjs.org/mitt/-/mitt-3.0.1.tgz"
  integrity sha512-vKivATfr97l2/QBCYAkXYDbrIWPM2IIKEl7YPhjCvKlG3kE2gm+uBo6nEXK3M5/Ffh/FLpKExzOQ3JJoJGFKBw==

nanoid@^3.3.11:
  version "3.3.11"
  resolved "https://registry.npmjs.org/nanoid/-/nanoid-3.3.11.tgz"
  integrity sha512-N8SpfPUnUp1bK+PMYW8qSWdl9U+wwNWI4QKxOYDy9JAro3WMX7p2OeVRF9v+347pnakNevPmiHhNmZ2HbFA76w==

oniguruma-parser@^0.12.1:
  version "0.12.1"
  resolved "https://registry.npmjs.org/oniguruma-parser/-/oniguruma-parser-0.12.1.tgz"
  integrity sha512-8Unqkvk1RYc6yq2WBYRj4hdnsAxVze8i7iPfQr8e4uSP3tRv0rpZcbGUDvxfQQcdwHt/e9PrMvGCsa8OqG9X3w==

oniguruma-to-es@^4.3.3:
  version "4.3.3"
  resolved "https://registry.npmjs.org/oniguruma-to-es/-/oniguruma-to-es-4.3.3.tgz"
  integrity sha512-rPiZhzC3wXwE59YQMRDodUwwT9FZ9nNBwQQfsd1wfdtlKEyCdRV0avrTcSZ5xlIvGRVPd/cx6ZN45ECmS39xvg==
  dependencies:
    oniguruma-parser "^0.12.1"
    regex "^6.0.1"
    regex-recursion "^6.0.2"

perfect-debounce@^1.0.0:
  version "1.0.0"
  resolved "https://registry.npmjs.org/perfect-debounce/-/perfect-debounce-1.0.0.tgz"
  integrity sha512-xCy9V055GLEqoFaHoC1SoLIaLmWctgCUaBaWxDZ7/Zx4CTyX7cJQLJOok/orfjZAh9kEYpjJa4d0KcJmCbctZA==

picocolors@^1.1.1:
  version "1.1.1"
  resolved "https://registry.npmjs.org/picocolors/-/picocolors-1.1.1.tgz"
  integrity sha512-xceH2snhtb5M9liqDsmEw56le376mTZkEX/jEb/RxNFyegNul7eNslCXP9FDj/Lcu0X8KEyMceP2ntpaHrDEVA==

"picomatch@^3 || ^4", picomatch@^4.0.2, picomatch@^4.0.3:
  version "4.0.3"
  resolved "https://registry.npmjs.org/picomatch/-/picomatch-4.0.3.tgz"
  integrity sha512-5gTmgEY/sqK6gFXLIsQNH19lWb4ebPDLA4SdLP7dsWkIXHWlG66oPuVvXSGFPppYZz8ZDZq0dYYrbHfBCVUb1Q==

postcss@^8, postcss@^8.5.6:
  version "8.5.6"
  resolved "https://registry.npmjs.org/postcss/-/postcss-8.5.6.tgz"
  integrity sha512-3Ybi1tAuwAP9s0r1UQ2J4n5Y0G05bJkpUIO0/bI9MhwmD70S5aTWbXGBwxHrelT+XM1k6dM0pk+SwNkpTRN7Pg==
  dependencies:
    nanoid "^3.3.11"
    picocolors "^1.1.1"
    source-map-js "^1.2.1"

property-information@^7.0.0:
  version "7.1.0"
  resolved "https://registry.npmjs.org/property-information/-/property-information-7.1.0.tgz"
  integrity sha512-TwEZ+X+yCJmYfL7TPUOcvBZ4QfoT5YenQiJuX//0th53DE6w0xxLEtfK3iyryQFddXuvkIk51EEgrJQ0WJkOmQ==

regex-recursion@^6.0.2:
  version "6.0.2"
  resolved "https://registry.npmjs.org/regex-recursion/-/regex-recursion-6.0.2.tgz"
  integrity sha512-0YCaSCq2VRIebiaUviZNs0cBz1kg5kVS2UKUfNIx8YVs1cN3AV7NTctO5FOKBA+UT2BPJIWZauYHPqJODG50cg==
  dependencies:
    regex-utilities "^2.3.0"

regex-utilities@^2.3.0:
  version "2.3.0"
  resolved "https://registry.npmjs.org/regex-utilities/-/regex-utilities-2.3.0.tgz"
  integrity sha512-8VhliFJAWRaUiVvREIiW2NXXTmHs4vMNnSzuJVhscgmGav3g9VDxLrQndI3dZZVVdp0ZO/5v0xmX516/7M9cng==

regex@^6.0.1:
  version "6.0.1"
  resolved "https://registry.npmjs.org/regex/-/regex-6.0.1.tgz"
  integrity sha512-uorlqlzAKjKQZ5P+kTJr3eeJGSVroLKoHmquUj4zHWuR+hEyNqlXsSKlYYF5F4NI6nl7tWCs0apKJ0lmfsXAPA==
  dependencies:
    regex-utilities "^2.3.0"

rfdc@^1.4.1:
  version "1.4.1"
  resolved "https://registry.npmjs.org/rfdc/-/rfdc-1.4.1.tgz"
  integrity sha512-q1b3N5QkRUWUl7iyylaaj3kOpIT0N2i9MqIEQXP73GVsN9cw3fdx8X63cEmWhJGi2PPCF23Ijp7ktmd39rawIA==

rollup@^4.43.0:
  version "4.49.0"
  resolved "https://registry.npmjs.org/rollup/-/rollup-4.49.0.tgz"
  integrity sha512-3IVq0cGJ6H7fKXXEdVt+RcYvRCt8beYY9K1760wGQwSAHZcS9eot1zDG5axUbcp/kWRi5zKIIDX8MoKv/TzvZA==
  dependencies:
    "@types/estree" "1.0.8"
  optionalDependencies:
    "@rollup/rollup-android-arm-eabi" "4.49.0"
    "@rollup/rollup-android-arm64" "4.49.0"
    "@rollup/rollup-darwin-arm64" "4.49.0"
    "@rollup/rollup-darwin-x64" "4.49.0"
    "@rollup/rollup-freebsd-arm64" "4.49.0"
    "@rollup/rollup-freebsd-x64" "4.49.0"
    "@rollup/rollup-linux-arm-gnueabihf" "4.49.0"
    "@rollup/rollup-linux-arm-musleabihf" "4.49.0"
    "@rollup/rollup-linux-arm64-gnu" "4.49.0"
    "@rollup/rollup-linux-arm64-musl" "4.49.0"
    "@rollup/rollup-linux-loongarch64-gnu" "4.49.0"
    "@rollup/rollup-linux-ppc64-gnu" "4.49.0"
    "@rollup/rollup-linux-riscv64-gnu" "4.49.0"
    "@rollup/rollup-linux-riscv64-musl" "4.49.0"
    "@rollup/rollup-linux-s390x-gnu" "4.49.0"
    "@rollup/rollup-linux-x64-gnu" "4.49.0"
    "@rollup/rollup-linux-x64-musl" "4.49.0"
    "@rollup/rollup-win32-arm64-msvc" "4.49.0"
    "@rollup/rollup-win32-ia32-msvc" "4.49.0"
    "@rollup/rollup-win32-x64-msvc" "4.49.0"
    fsevents "~2.3.2"

shiki@^3.9.2:
  version "3.12.0"
  resolved "https://registry.npmjs.org/shiki/-/shiki-3.12.0.tgz"
  integrity sha512-E+ke51tciraTHpaXYXfqnPZFSViKHhSQ3fiugThlfs/om/EonlQ0hSldcqgzOWWqX6PcjkKKzFgrjIaiPAXoaA==
  dependencies:
    "@shikijs/core" "3.12.0"
    "@shikijs/engine-javascript" "3.12.0"
    "@shikijs/engine-oniguruma" "3.12.0"
    "@shikijs/langs" "3.12.0"
    "@shikijs/themes" "3.12.0"
    "@shikijs/types" "3.12.0"
    "@shikijs/vscode-textmate" "^10.0.2"
    "@types/hast" "^3.0.4"

source-map-js@^1.2.1:
  version "1.2.1"
  resolved "https://registry.npmjs.org/source-map-js/-/source-map-js-1.2.1.tgz"
  integrity sha512-UXWMKhLOwVKb728IUtQPXxfYU+usdybtUrK/8uGE8CQMvrhOpwvzDBwj0QhSL7MQc7vIsISBG8VQ8+IDQxpfQA==

space-separated-tokens@^2.0.0:
  version "2.0.2"
  resolved "https://registry.npmjs.org/space-separated-tokens/-/space-separated-tokens-2.0.2.tgz"
  integrity sha512-PEGlAwrG8yXGXRjW32fGbg66JAlOAwbObuqVoJpv/mRgoWDQfgH1wDPvtzWyUSNAXBGSk8h755YDbbcEy3SH2Q==

speakingurl@^14.0.1:
  version "14.0.1"
  resolved "https://registry.npmjs.org/speakingurl/-/speakingurl-14.0.1.tgz"
  integrity sha512-1POYv7uv2gXoyGFpBCmpDVSNV74IfsWlDW216UPjbWufNf+bSU6GdbDsxdcxtfwb4xlI3yxzOTKClUosxARYrQ==

stringify-entities@^4.0.0:
  version "4.0.4"
  resolved "https://registry.npmjs.org/stringify-entities/-/stringify-entities-4.0.4.tgz"
  integrity sha512-IwfBptatlO+QCJUo19AqvrPNqlVMpW9YEL2LIVY+Rpv2qsjCGxaDLNRgeGsQWJhfItebuJhsGSLjaBbNSQ+ieg==
  dependencies:
    character-entities-html4 "^2.0.0"
    character-entities-legacy "^3.0.0"

superjson@^2.2.2:
  version "2.2.2"
  resolved "https://registry.npmjs.org/superjson/-/superjson-2.2.2.tgz"
  integrity sha512-5JRxVqC8I8NuOUjzBbvVJAKNM8qoVuH0O77h4WInc/qC2q5IreqKxYwgkga3PfA22OayK2ikceb/B26dztPl+Q==
  dependencies:
    copy-anything "^3.0.2"

tabbable@^6.2.0:
  version "6.2.0"
  resolved "https://registry.npmjs.org/tabbable/-/tabbable-6.2.0.tgz"
  integrity sha512-Cat63mxsVJlzYvN51JmVXIgNoUokrIaT2zLclCXjRd8boZ0004U4KCs/sToJ75C6sdlByWxpYnb5Boif1VSFew==

tinyglobby@^0.2.14:
  version "0.2.14"
  resolved "https://registry.npmjs.org/tinyglobby/-/tinyglobby-0.2.14.tgz"
  integrity sha512-tX5e7OM1HnYr2+a2C/4V0htOcSQcoSTH9KgJnVvNm5zm/cyEWKJ7j7YutsH9CxMdtOkkLFy2AHrMci9IM8IPZQ==
  dependencies:
    fdir "^6.4.4"
    picomatch "^4.0.2"

trim-lines@^3.0.0:
  version "3.0.1"
  resolved "https://registry.npmjs.org/trim-lines/-/trim-lines-3.0.1.tgz"
  integrity sha512-kRj8B+YHZCc9kQYdWfJB2/oUl9rA99qbowYYBtr4ui4mZyAQ2JpvVBd/6U2YloATfqBhBTSMhTpgBHtU0Mf3Rg==

unist-util-is@^6.0.0:
  version "6.0.0"
  resolved "https://registry.npmjs.org/unist-util-is/-/unist-util-is-6.0.0.tgz"
  integrity sha512-2qCTHimwdxLfz+YzdGfkqNlH0tLi9xjTnHddPmJwtIG9MGsdbutfTc4P+haPD7l7Cjxf/WZj+we5qfVPvvxfYw==
  dependencies:
    "@types/unist" "^3.0.0"

unist-util-position@^5.0.0:
  version "5.0.0"
  resolved "https://registry.npmjs.org/unist-util-position/-/unist-util-position-5.0.0.tgz"
  integrity sha512-fucsC7HjXvkB5R3kTCO7kUjRdrS0BJt3M/FPxmHMBOm8JQi2BsHAHFsy27E0EolP8rp0NzXsJ+jNPyDWvOJZPA==
  dependencies:
    "@types/unist" "^3.0.0"

unist-util-stringify-position@^4.0.0:
  version "4.0.0"
  resolved "https://registry.npmjs.org/unist-util-stringify-position/-/unist-util-stringify-position-4.0.0.tgz"
  integrity sha512-0ASV06AAoKCDkS2+xw5RXJywruurpbC4JZSm7nr7MOt1ojAzvyyaO+UxZf18j8FCF6kmzCZKcAgN/yu2gm2XgQ==
  dependencies:
    "@types/unist" "^3.0.0"

unist-util-visit-parents@^6.0.0:
  version "6.0.1"
  resolved "https://registry.npmjs.org/unist-util-visit-parents/-/unist-util-visit-parents-6.0.1.tgz"
  integrity sha512-L/PqWzfTP9lzzEa6CKs0k2nARxTdZduw3zyh8d2NVBnsyvHjSX4TWse388YrrQKbvI8w20fGjGlhgT96WwKykw==
  dependencies:
    "@types/unist" "^3.0.0"
    unist-util-is "^6.0.0"

unist-util-visit@^5.0.0:
  version "5.0.0"
  resolved "https://registry.npmjs.org/unist-util-visit/-/unist-util-visit-5.0.0.tgz"
  integrity sha512-MR04uvD+07cwl/yhVuVWAtw+3GOR/knlL55Nd/wAdblk27GCVt3lqpTivy/tkJcZoNPzTwS1Y+KMojlLDhoTzg==
  dependencies:
    "@types/unist" "^3.0.0"
    unist-util-is "^6.0.0"
    unist-util-visit-parents "^6.0.0"

vfile-message@^4.0.0:
  version "4.0.3"
  resolved "https://registry.npmjs.org/vfile-message/-/vfile-message-4.0.3.tgz"
  integrity sha512-QTHzsGd1EhbZs4AsQ20JX1rC3cOlt/IWJruk893DfLRr57lcnOeMaWG4K0JrRta4mIJZKth2Au3mM3u03/JWKw==
  dependencies:
    "@types/unist" "^3.0.0"
    unist-util-stringify-position "^4.0.0"

vfile@^6.0.0:
  version "6.0.3"
  resolved "https://registry.npmjs.org/vfile/-/vfile-6.0.3.tgz"
  integrity sha512-KzIbH/9tXat2u30jf+smMwFCsno4wHVdNmzFyL+T/L3UGqqk6JKfVqOFOZEpZSHADH1k40ab6NUIXZq422ov3Q==
  dependencies:
    "@types/unist" "^3.0.0"
    vfile-message "^4.0.0"

"vite@^5.0.0 || ^6.0.0 || ^7.0.0", vite@^7.1.2:
  version "7.1.3"
  resolved "https://registry.npmjs.org/vite/-/vite-7.1.3.tgz"
  integrity sha512-OOUi5zjkDxYrKhTV3V7iKsoS37VUM7v40+HuwEmcrsf11Cdx9y3DIr2Px6liIcZFwt3XSRpQvFpL3WVy7ApkGw==
  dependencies:
    esbuild "^0.25.0"
    fdir "^6.5.0"
    picomatch "^4.0.3"
    postcss "^8.5.6"
    rollup "^4.43.0"
    tinyglobby "^0.2.14"
  optionalDependencies:
    fsevents "~2.3.3"

vitepress@^2.0.0-alpha.5:
  version "2.0.0-alpha.12"
  resolved "https://registry.npmjs.org/vitepress/-/vitepress-2.0.0-alpha.12.tgz"
  integrity sha512-yZwCwRRepcpN5QeAhwSnEJxS3I6zJcVixqL1dnm6km4cnriLpQyy2sXQDsE5Ti3pxGPbhU51nTMwI+XC1KNnJg==
  dependencies:
    "@docsearch/css" "^4.0.0-beta.7"
    "@docsearch/js" "^4.0.0-beta.7"
    "@iconify-json/simple-icons" "^1.2.47"
    "@shikijs/core" "^3.9.2"
    "@shikijs/transformers" "^3.9.2"
    "@shikijs/types" "^3.9.2"
    "@types/markdown-it" "^14.1.2"
    "@vitejs/plugin-vue" "^6.0.1"
    "@vue/devtools-api" "^8.0.0"
    "@vue/shared" "^3.5.18"
    "@vueuse/core" "^13.6.0"
    "@vueuse/integrations" "^13.6.0"
    focus-trap "^7.6.5"
    mark.js "8.11.1"
    minisearch "^7.1.2"
    shiki "^3.9.2"
    vite "^7.1.2"
    vue "^3.5.18"

vue@^3.2.25, vue@^3.2.47, vue@^3.5.0, vue@^3.5.18, vue@3.5.20:
  version "3.5.20"
  resolved "https://registry.npmjs.org/vue/-/vue-3.5.20.tgz"
  integrity sha512-2sBz0x/wis5TkF1XZ2vH25zWq3G1bFEPOfkBcx2ikowmphoQsPH6X0V3mmPCXA2K1N/XGTnifVyDQP4GfDDeQw==
  dependencies:
    "@vue/compiler-dom" "3.5.20"
    "@vue/compiler-sfc" "3.5.20"
    "@vue/runtime-dom" "3.5.20"
    "@vue/server-renderer" "3.5.20"
    "@vue/shared" "3.5.20"

zwitch@^2.0.4:
  version "2.0.4"
  resolved "https://registry.npmjs.org/zwitch/-/zwitch-2.0.4.tgz"
  integrity sha512-bXE4cR/kVZhKZX/RjPEflHaKVhUVl85noU3v6b8apfQEc1x4A+zBxjZ4lN8LqGd6WZ3dl98pY4o717VFmoPp+A==
